
Microsoft Visual Studio Solution File, Format Version 12.00
# Visual Studio Version 16
VisualStudioVersion = 16.0.31613.86
MinimumVisualStudioVersion = 10.0.40219.1
Project("{FAE04EC0-301F-11D3-BF4B-00C04F79EFBC}") = "Pragados_Finals", "Pragados_Finals\Pragados_Finals.csproj", "{18BF75A2-C2F2-45E5-A73E-4A44B3B093A6}"
EndProject
Global
	GlobalSection(SolutionConfigurationPlatforms) = preSolution
		Debug|Any CPU = Debug|Any CPU
		Release|Any CPU = Release|Any CPU
	EndGlobalSection
	GlobalSection(ProjectConfigurationPlatforms) = postSolution
		{18BF75A2-C2F2-45E5-A73E-4A44B3B093A6}.Debug|Any CPU.ActiveCfg = Debug|Any CPU
		{18BF75A2-C2F2-45E5-A73E-4A44B3B093A6}.Debug|Any CPU.Build.0 = Debug|Any CPU
		{18BF75A2-C2F2-45E5-A73E-4A44B3B093A6}.Release|Any CPU.ActiveCfg = Release|Any CPU
		{18BF75A2-C2F2-45E5-A73E-4A44B3B093A6}.Release|Any CPU.Build.0 = Release|Any CPU
	EndGlobalSection
	GlobalSection(SolutionProperties) = preSolution
		HideSolutionNode = FALSE
	EndGlobalSection
	GlobalSection(ExtensibilityGlobals) = postSolution
		SolutionGuid = {971987A6-F5FF-4368-8125-C31C1C1344C3}
	EndGlobalSection
EndGlobal
